Microsoft Visual Studio Solution File, Format Version 12.00
# Visual Studio Version 17
VisualStudioVersion = 17.5.2.0
MinimumVisualStudioVersion = 10.0.40219.1
Project("{FAE04EC0-301F-11D3-BF4B-00C04F79EFBC}") = "ZeroToHeroBackend", "ZeroToHeroBackend.csproj", "{221B7C29-1702-A285-0162-AA472F625D43}"
EndProject
Global
	GlobalSection(SolutionConfigurationPlatforms) = preSolution
		Debug|Any CPU = Debug|Any CPU
		Release|Any CPU = Release|Any CPU
	EndGlobalSection
	GlobalSection(ProjectConfigurationPlatforms) = postSolution
		{221B7C29-1702-A285-0162-AA472F625D43}.Debug|Any CPU.ActiveCfg = Debug|Any CPU
		{221B7C29-1702-A285-0162-AA472F625D43}.Debug|Any CPU.Build.0 = Debug|Any CPU
		{221B7C29-1702-A285-0162-AA472F625D43}.Release|Any CPU.ActiveCfg = Release|Any CPU
		{221B7C29-1702-A285-0162-AA472F625D43}.Release|Any CPU.Build.0 = Release|Any CPU
	EndGlobalSection
	GlobalSection(SolutionProperties) = preSolution
		HideSolutionNode = FALSE
	EndGlobalSection
	GlobalSection(ExtensibilityGlobals) = postSolution
		SolutionGuid = {E9042A9B-1888-4AC0-9B6C-49BEA8DD8C86}
	EndGlobalSection
EndGlobal
